
Microsoft Visual Studio Solution File, Format Version 12.00
# Visual Studio 2012
Project("{FAE04EC0-301F-11D3-BF4B-00C04F79EFBC}") = "ORM.Nhibernate.Tests", "ORM.Nhibernate.Tests\ORM.Nhibernate.Tests.csproj", "{65A070AB-113F-44F9-921B-5BF13D972235}"
EndProject
Project("{FAE04EC0-301F-11D3-BF4B-00C04F79EFBC}") = "ORM.Nhibernate", "ORM.Nhibernate\ORM.Nhibernate.csproj", "{6F9E93A5-6955-4982-AE4B-CE39AA8265D7}"
EndProject
Global
	GlobalSection(SolutionConfigurationPlatforms) = preSolution
		Debug|Any CPU = Debug|Any CPU
		Release|Any CPU = Release|Any CPU
	EndGlobalSection
	GlobalSection(ProjectConfigurationPlatforms) = postSolution
		{65A070AB-113F-44F9-921B-5BF13D972235}.Debug|Any CPU.ActiveCfg = Debug|Any CPU
		{65A070AB-113F-44F9-921B-5BF13D972235}.Debug|Any CPU.Build.0 = Debug|Any CPU
		{65A070AB-113F-44F9-921B-5BF13D972235}.Release|Any CPU.ActiveCfg = Release|Any CPU
		{65A070AB-113F-44F9-921B-5BF13D972235}.Release|Any CPU.Build.0 = Release|Any CPU
		{6F9E93A5-6955-4982-AE4B-CE39AA8265D7}.Debug|Any CPU.ActiveCfg = Debug|Any CPU
		{6F9E93A5-6955-4982-AE4B-CE39AA8265D7}.Debug|Any CPU.Build.0 = Debug|Any CPU
		{6F9E93A5-6955-4982-AE4B-CE39AA8265D7}.Release|Any CPU.ActiveCfg = Release|Any CPU
		{6F9E93A5-6955-4982-AE4B-CE39AA8265D7}.Release|Any CPU.Build.0 = Release|Any CPU
	EndGlobalSection
	GlobalSection(SolutionProperties) = preSolution
		HideSolutionNode = FALSE
	EndGlobalSection
EndGlobal
